
Microsoft Visual Studio Solution File, Format Version 12.00
# Visual Studio Version 17
VisualStudioVersion = 17.0.31903.59
MinimumVisualStudioVersion = 10.0.40219.1
Project("{FAE04EC0-301F-11D3-BF4B-00C04F79EFBC}") = "rinha-de-backend-2024-q1-dotnet", "src\rinha-de-backend-2024-q1-dotnet.csproj", "{AC5E860F-AEC0-4A93-99ED-EC1109CFB3CC}"
EndProject
Global
	GlobalSection(SolutionConfigurationPlatforms) = preSolution
		Debug|Any CPU = Debug|Any CPU
		Release|Any CPU = Release|Any CPU
	EndGlobalSection
	GlobalSection(SolutionProperties) = preSolution
		HideSolutionNode = FALSE
	EndGlobalSection
	GlobalSection(ProjectConfigurationPlatforms) = postSolution
		{AC5E860F-AEC0-4A93-99ED-EC1109CFB3CC}.Debug|Any CPU.ActiveCfg = Debug|Any CPU
		{AC5E860F-AEC0-4A93-99ED-EC1109CFB3CC}.Debug|Any CPU.Build.0 = Debug|Any CPU
		{AC5E860F-AEC0-4A93-99ED-EC1109CFB3CC}.Release|Any CPU.ActiveCfg = Release|Any CPU
		{AC5E860F-AEC0-4A93-99ED-EC1109CFB3CC}.Release|Any CPU.Build.0 = Release|Any CPU
	EndGlobalSection
EndGlobal
