
Microsoft Visual Studio Solution File, Format Version 12.00
# 
Project("{FAE04EC0-301F-11D3-BF4B-00C04F79EFBC}") = "rinha-de-backend-2024-q1-dotnet", "rinha-de-backend-2024-q1-dotnet\rinha-de-backend-2024-q1-dotnet.csproj", "{CC12B9D0-D6BB-48A2-B00C-F1B14E796A52}"
EndProject
Project("{FAE04EC0-301F-11D3-BF4B-00C04F79EFBC}") = "rinha-de-backend-2024-q1-dotnet", "src\rinha-de-backend-2024-q1-dotnet.csproj", "{7EBF4EC9-6613-460E-887C-9DE1F2C10ED0}"
EndProject
Global
	GlobalSection(SolutionConfigurationPlatforms) = preSolution
		Debug|Any CPU = Debug|Any CPU
		Release|Any CPU = Release|Any CPU
	EndGlobalSection
	GlobalSection(ProjectConfigurationPlatforms) = postSolution
		{CC12B9D0-D6BB-48A2-B00C-F1B14E796A52}.Debug|Any CPU.ActiveCfg = Debug|Any CPU
		{CC12B9D0-D6BB-48A2-B00C-F1B14E796A52}.Debug|Any CPU.Build.0 = Debug|Any CPU
		{CC12B9D0-D6BB-48A2-B00C-F1B14E796A52}.Release|Any CPU.ActiveCfg = Release|Any CPU
		{CC12B9D0-D6BB-48A2-B00C-F1B14E796A52}.Release|Any CPU.Build.0 = Release|Any CPU
		{7EBF4EC9-6613-460E-887C-9DE1F2C10ED0}.Debug|Any CPU.ActiveCfg = Debug|Any CPU
		{7EBF4EC9-6613-460E-887C-9DE1F2C10ED0}.Debug|Any CPU.Build.0 = Debug|Any CPU
		{7EBF4EC9-6613-460E-887C-9DE1F2C10ED0}.Release|Any CPU.ActiveCfg = Release|Any CPU
		{7EBF4EC9-6613-460E-887C-9DE1F2C10ED0}.Release|Any CPU.Build.0 = Release|Any CPU
	EndGlobalSection
EndGlobal
